
Microsoft Visual Studio Solution File, Format Version 12.00
# Visual Studio Version 17
VisualStudioVersion = 17.2.32630.192
MinimumVisualStudioVersion = 10.0.40219.1
Project("{FAE04EC0-301F-11D3-BF4B-00C04F79EFBC}") = "World.Cup.Simulator", "World.Cup.Simulator\World.Cup.Simulator.csproj", "{7BA193EE-FB7E-451E-B660-FFC1FF1205D4}"
EndProject
Global
	GlobalSection(SolutionConfigurationPlatforms) = preSolution
		Debug|Any CPU = Debug|Any CPU
		Release|Any CPU = Release|Any CPU
	EndGlobalSection
	GlobalSection(ProjectConfigurationPlatforms) = postSolution
		{7BA193EE-FB7E-451E-B660-FFC1FF1205D4}.Debug|Any CPU.ActiveCfg = Debug|Any CPU
		{7BA193EE-FB7E-451E-B660-FFC1FF1205D4}.Debug|Any CPU.Build.0 = Debug|Any CPU
		{7BA193EE-FB7E-451E-B660-FFC1FF1205D4}.Release|Any CPU.ActiveCfg = Release|Any CPU
		{7BA193EE-FB7E-451E-B660-FFC1FF1205D4}.Release|Any CPU.Build.0 = Release|Any CPU
	EndGlobalSection
	GlobalSection(SolutionProperties) = preSolution
		HideSolutionNode = FALSE
	EndGlobalSection
	GlobalSection(ExtensibilityGlobals) = postSolution
		SolutionGuid = {944BD014-335A-4A05-BE6E-E262F4A81F91}
	EndGlobalSection
EndGlobal
